
Microsoft Visual Studio Solution File, Format Version 12.00
# Visual Studio Version 16
VisualStudioVersion = 16.0.29509.3
MinimumVisualStudioVersion = 10.0.40219.1
Project("{2150E333-8FDC-42A3-9474-1A3956D46DE8}") = "Core", "Core", "{247B1B4E-B6F7-4667-9360-0B01EEC94D88}"
EndProject
Project("{2150E333-8FDC-42A3-9474-1A3956D46DE8}") = "Estalkei", "Estalkei", "{B2693338-5A76-4D1A-B243-8FF81AF6AFAE}"
EndProject
Project("{2150E333-8FDC-42A3-9474-1A3956D46DE8}") = "Application", "Application", "{E843C5F4-071C-4B7E-877E-A654904128A3}"
EndProject
Project("{2150E333-8FDC-42A3-9474-1A3956D46DE8}") = "Domain", "Domain", "{47EF1E67-F9A7-43C4-89E4-A9D2DF7EE2DD}"
EndProject
Project("{2150E333-8FDC-42A3-9474-1A3956D46DE8}") = "Crosscutting", "Crosscutting", "{21E9014B-4098-46E4-8128-BFED92172640}"
EndProject
Project("{2150E333-8FDC-42A3-9474-1A3956D46DE8}") = "Infrastructure", "Infrastructure", "{C2CA84FE-63AA-41B3-BB48-809B88AD7739}"
EndProject
Project("{2150E333-8FDC-42A3-9474-1A3956D46DE8}") = "Application", "Application", "{714FFD2B-718E-4BD3-BEB8-D9D9CAF0D3AC}"
EndProject
Project("{2150E333-8FDC-42A3-9474-1A3956D46DE8}") = "Crosscutting", "Crosscutting", "{44890DC1-8681-4940-9F91-B1D1427D6011}"
EndProject
Project("{2150E333-8FDC-42A3-9474-1A3956D46DE8}") = "Domain", "Domain", "{B8FC5595-484A-4307-8576-3EC5F9C019DB}"
EndProject
Project("{2150E333-8FDC-42A3-9474-1A3956D46DE8}") = "Infrastructure", "Infrastructure", "{0A558AB9-FE89-480C-A7DC-1FF6904D4D32}"
EndProject
Project("{9A19103F-16F7-4668-BE54-9A1E7A4F7556}") = "Core.Domain", "Core\Domain\Estalkei.Domain\Core.Domain.csproj", "{54E5F85E-C851-4684-BF06-6C5781190974}"
EndProject
Project("{9A19103F-16F7-4668-BE54-9A1E7A4F7556}") = "Core.Contracts", "Core\Crosscutting\Core.Contracts\Core.Contracts.csproj", "{0E692430-D28C-4EB8-904A-BEF23BA72029}"
EndProject
Project("{9A19103F-16F7-4668-BE54-9A1E7A4F7556}") = "Core.Data", "Core\Infrastructure\Core.Data\Core.Data.csproj", "{847200E8-BD98-4C9E-B72D-6012AFC41655}"
EndProject
Project("{9A19103F-16F7-4668-BE54-9A1E7A4F7556}") = "Core.Services", "Core\Domain\Core.Services\Core.Services.csproj", "{E71D4570-0D10-46FA-B2F4-13829F0C2E69}"
EndProject
Project("{9A19103F-16F7-4668-BE54-9A1E7A4F7556}") = "Core.API", "Core\Application\Core.API\Core.API.csproj", "{4C703331-8A47-43DE-B2DF-E639744D9032}"
EndProject
Project("{9A19103F-16F7-4668-BE54-9A1E7A4F7556}") = "Estalkei.Domain", "Estalkei\Domain\Estalkei.Domain\Estalkei.Domain.csproj", "{0557B491-4ECD-4005-B709-B5F2AB4BEACA}"
EndProject
Project("{FAE04EC0-301F-11D3-BF4B-00C04F79EFBC}") = "Estalkei.Data", "Estalkei\Infrastructure\Estalkei.Data\Estalkei.Data.csproj", "{4B6A4A6F-BDA1-4BB1-AA08-FA64587B2ADA}"
EndProject
Project("{FAE04EC0-301F-11D3-BF4B-00C04F79EFBC}") = "Estalkei.Contracts", "Estalkei\Crosscutting\Estalkei.Contracts\Estalkei.Contracts.csproj", "{6ED26739-0378-4C85-AD04-036B4880BD4F}"
EndProject
Project("{FAE04EC0-301F-11D3-BF4B-00C04F79EFBC}") = "Estalkei.Services", "Estalkei\Domain\Estalkei.Services\Estalkei.Services.csproj", "{5C6294C5-55E5-4E44-B59C-A7612602F0C7}"
EndProject
Project("{FAE04EC0-301F-11D3-BF4B-00C04F79EFBC}") = "Estalkei.Api", "Estalkei\Application\Estalkei.Api\Estalkei.Api.csproj", "{F58B7E59-FF52-40FF-B557-83820E8CBB82}"
EndProject
Global
	GlobalSection(SolutionConfigurationPlatforms) = preSolution
		Debug|Any CPU = Debug|Any CPU
		Release|Any CPU = Release|Any CPU
	EndGlobalSection
	GlobalSection(ProjectConfigurationPlatforms) = postSolution
		{54E5F85E-C851-4684-BF06-6C5781190974}.Debug|Any CPU.ActiveCfg = Debug|Any CPU
		{54E5F85E-C851-4684-BF06-6C5781190974}.Debug|Any CPU.Build.0 = Debug|Any CPU
		{54E5F85E-C851-4684-BF06-6C5781190974}.Release|Any CPU.ActiveCfg = Release|Any CPU
		{54E5F85E-C851-4684-BF06-6C5781190974}.Release|Any CPU.Build.0 = Release|Any CPU
		{0E692430-D28C-4EB8-904A-BEF23BA72029}.Debug|Any CPU.ActiveCfg = Debug|Any CPU
		{0E692430-D28C-4EB8-904A-BEF23BA72029}.Debug|Any CPU.Build.0 = Debug|Any CPU
		{0E692430-D28C-4EB8-904A-BEF23BA72029}.Release|Any CPU.ActiveCfg = Release|Any CPU
		{0E692430-D28C-4EB8-904A-BEF23BA72029}.Release|Any CPU.Build.0 = Release|Any CPU
		{847200E8-BD98-4C9E-B72D-6012AFC41655}.Debug|Any CPU.ActiveCfg = Debug|Any CPU
		{847200E8-BD98-4C9E-B72D-6012AFC41655}.Debug|Any CPU.Build.0 = Debug|Any CPU
		{847200E8-BD98-4C9E-B72D-6012AFC41655}.Release|Any CPU.ActiveCfg = Release|Any CPU
		{847200E8-BD98-4C9E-B72D-6012AFC41655}.Release|Any CPU.Build.0 = Release|Any CPU
		{E71D4570-0D10-46FA-B2F4-13829F0C2E69}.Debug|Any CPU.ActiveCfg = Debug|Any CPU
		{E71D4570-0D10-46FA-B2F4-13829F0C2E69}.Debug|Any CPU.Build.0 = Debug|Any CPU
		{E71D4570-0D10-46FA-B2F4-13829F0C2E69}.Release|Any CPU.ActiveCfg = Release|Any CPU
		{E71D4570-0D10-46FA-B2F4-13829F0C2E69}.Release|Any CPU.Build.0 = Release|Any CPU
		{4C703331-8A47-43DE-B2DF-E639744D9032}.Debug|Any CPU.ActiveCfg = Debug|Any CPU
		{4C703331-8A47-43DE-B2DF-E639744D9032}.Debug|Any CPU.Build.0 = Debug|Any CPU
		{4C703331-8A47-43DE-B2DF-E639744D9032}.Release|Any CPU.ActiveCfg = Release|Any CPU
		{4C703331-8A47-43DE-B2DF-E639744D9032}.Release|Any CPU.Build.0 = Release|Any CPU
		{0557B491-4ECD-4005-B709-B5F2AB4BEACA}.Debug|Any CPU.ActiveCfg = Debug|Any CPU
		{0557B491-4ECD-4005-B709-B5F2AB4BEACA}.Debug|Any CPU.Build.0 = Debug|Any CPU
		{0557B491-4ECD-4005-B709-B5F2AB4BEACA}.Release|Any CPU.ActiveCfg = Release|Any CPU
		{0557B491-4ECD-4005-B709-B5F2AB4BEACA}.Release|Any CPU.Build.0 = Release|Any CPU
		{4B6A4A6F-BDA1-4BB1-AA08-FA64587B2ADA}.Debug|Any CPU.ActiveCfg = Debug|Any CPU
		{4B6A4A6F-BDA1-4BB1-AA08-FA64587B2ADA}.Debug|Any CPU.Build.0 = Debug|Any CPU
		{4B6A4A6F-BDA1-4BB1-AA08-FA64587B2ADA}.Release|Any CPU.ActiveCfg = Release|Any CPU
		{4B6A4A6F-BDA1-4BB1-AA08-FA64587B2ADA}.Release|Any CPU.Build.0 = Release|Any CPU
		{6ED26739-0378-4C85-AD04-036B4880BD4F}.Debug|Any CPU.ActiveCfg = Debug|Any CPU
		{6ED26739-0378-4C85-AD04-036B4880BD4F}.Debug|Any CPU.Build.0 = Debug|Any CPU
		{6ED26739-0378-4C85-AD04-036B4880BD4F}.Release|Any CPU.ActiveCfg = Release|Any CPU
		{6ED26739-0378-4C85-AD04-036B4880BD4F}.Release|Any CPU.Build.0 = Release|Any CPU
		{5C6294C5-55E5-4E44-B59C-A7612602F0C7}.Debug|Any CPU.ActiveCfg = Debug|Any CPU
		{5C6294C5-55E5-4E44-B59C-A7612602F0C7}.Debug|Any CPU.Build.0 = Debug|Any CPU
		{5C6294C5-55E5-4E44-B59C-A7612602F0C7}.Release|Any CPU.ActiveCfg = Release|Any CPU
		{5C6294C5-55E5-4E44-B59C-A7612602F0C7}.Release|Any CPU.Build.0 = Release|Any CPU
		{F58B7E59-FF52-40FF-B557-83820E8CBB82}.Debug|Any CPU.ActiveCfg = Debug|Any CPU
		{F58B7E59-FF52-40FF-B557-83820E8CBB82}.Debug|Any CPU.Build.0 = Debug|Any CPU
		{F58B7E59-FF52-40FF-B557-83820E8CBB82}.Release|Any CPU.ActiveCfg = Release|Any CPU
		{F58B7E59-FF52-40FF-B557-83820E8CBB82}.Release|Any CPU.Build.0 = Release|Any CPU
	EndGlobalSection
	GlobalSection(SolutionProperties) = preSolution
		HideSolutionNode = FALSE
	EndGlobalSection
	GlobalSection(NestedProjects) = preSolution
		{E843C5F4-071C-4B7E-877E-A654904128A3} = {247B1B4E-B6F7-4667-9360-0B01EEC94D88}
		{47EF1E67-F9A7-43C4-89E4-A9D2DF7EE2DD} = {247B1B4E-B6F7-4667-9360-0B01EEC94D88}
		{21E9014B-4098-46E4-8128-BFED92172640} = {247B1B4E-B6F7-4667-9360-0B01EEC94D88}
		{C2CA84FE-63AA-41B3-BB48-809B88AD7739} = {247B1B4E-B6F7-4667-9360-0B01EEC94D88}
		{714FFD2B-718E-4BD3-BEB8-D9D9CAF0D3AC} = {B2693338-5A76-4D1A-B243-8FF81AF6AFAE}
		{44890DC1-8681-4940-9F91-B1D1427D6011} = {B2693338-5A76-4D1A-B243-8FF81AF6AFAE}
		{B8FC5595-484A-4307-8576-3EC5F9C019DB} = {B2693338-5A76-4D1A-B243-8FF81AF6AFAE}
		{0A558AB9-FE89-480C-A7DC-1FF6904D4D32} = {B2693338-5A76-4D1A-B243-8FF81AF6AFAE}
		{54E5F85E-C851-4684-BF06-6C5781190974} = {47EF1E67-F9A7-43C4-89E4-A9D2DF7EE2DD}
		{0E692430-D28C-4EB8-904A-BEF23BA72029} = {21E9014B-4098-46E4-8128-BFED92172640}
		{847200E8-BD98-4C9E-B72D-6012AFC41655} = {C2CA84FE-63AA-41B3-BB48-809B88AD7739}
		{E71D4570-0D10-46FA-B2F4-13829F0C2E69} = {47EF1E67-F9A7-43C4-89E4-A9D2DF7EE2DD}
		{4C703331-8A47-43DE-B2DF-E639744D9032} = {E843C5F4-071C-4B7E-877E-A654904128A3}
		{0557B491-4ECD-4005-B709-B5F2AB4BEACA} = {B8FC5595-484A-4307-8576-3EC5F9C019DB}
		{4B6A4A6F-BDA1-4BB1-AA08-FA64587B2ADA} = {0A558AB9-FE89-480C-A7DC-1FF6904D4D32}
		{6ED26739-0378-4C85-AD04-036B4880BD4F} = {44890DC1-8681-4940-9F91-B1D1427D6011}
		{5C6294C5-55E5-4E44-B59C-A7612602F0C7} = {B8FC5595-484A-4307-8576-3EC5F9C019DB}
		{F58B7E59-FF52-40FF-B557-83820E8CBB82} = {714FFD2B-718E-4BD3-BEB8-D9D9CAF0D3AC}
	EndGlobalSection
	GlobalSection(ExtensibilityGlobals) = postSolution
		SolutionGuid = {8B068B27-605C-4C9F-9A96-6B15E06965AD}
	EndGlobalSection
EndGlobal
